
Microsoft Visual Studio Solution File, Format Version 12.00
# Visual Studio Version 16
VisualStudioVersion = 16.0.29709.97
MinimumVisualStudioVersion = 10.0.40219.1
Project("{FAE04EC0-301F-11D3-BF4B-00C04F79EFBC}") = "Lab00_AndresVeliz", "Lab00_AndresVeliz.csproj", "{58D6EFAF-2D8F-4229-B9B8-1684160FA4EE}"
EndProject
Global
	GlobalSection(SolutionConfigurationPlatforms) = preSolution
		Debug|Any CPU = Debug|Any CPU
		Release|Any CPU = Release|Any CPU
	EndGlobalSection
	GlobalSection(ProjectConfigurationPlatforms) = postSolution
		{58D6EFAF-2D8F-4229-B9B8-1684160FA4EE}.Debug|Any CPU.ActiveCfg = Debug|Any CPU
		{58D6EFAF-2D8F-4229-B9B8-1684160FA4EE}.Debug|Any CPU.Build.0 = Debug|Any CPU
		{58D6EFAF-2D8F-4229-B9B8-1684160FA4EE}.Release|Any CPU.ActiveCfg = Release|Any CPU
		{58D6EFAF-2D8F-4229-B9B8-1684160FA4EE}.Release|Any CPU.Build.0 = Release|Any CPU
	EndGlobalSection
	GlobalSection(SolutionProperties) = preSolution
		HideSolutionNode = FALSE
	EndGlobalSection
	GlobalSection(ExtensibilityGlobals) = postSolution
		SolutionGuid = {2B422F69-EEB8-4681-BB04-7348DF92482A}
	EndGlobalSection
EndGlobal
